// !$*UTF8*$!
{
	archiveVersion = 1;
	classes = {
	};
	objectVersion = 46;
	objects = {

/* Begin PBXBuildFile section */
		8E81CBCBA42855237767C97F /* Pods_microblog_oc.framework in Frameworks */ = {isa = PBXBuildFile; fileRef = 17F2F4B409FAE83B7B42AAB1 /* Pods_microblog_oc.framework */; };
		A5ABFC2A1BDDAF2500DAF9F8 /* main.m in Sources */ = {isa = PBXBuildFile; fileRef = A5ABFC291BDDAF2500DAF9F8 /* main.m */; };
		A5ABFC2D1BDDAF2500DAF9F8 /* AppDelegate.m in Sources */ = {isa = PBXBuildFile; fileRef = A5ABFC2C1BDDAF2500DAF9F8 /* AppDelegate.m */; };
		A5ABFC301BDDAF2500DAF9F8 /* ViewController.m in Sources */ = {isa = PBXBuildFile; fileRef = A5ABFC2F1BDDAF2500DAF9F8 /* ViewController.m */; };
		A5ABFC331BDDAF2500DAF9F8 /* Main.storyboard in Resources */ = {isa = PBXBuildFile; fileRef = A5ABFC311BDDAF2500DAF9F8 /* Main.storyboard */; };
		A5ABFC351BDDAF2500DAF9F8 /* Assets.xcassets in Resources */ = {isa = PBXBuildFile; fileRef = A5ABFC341BDDAF2500DAF9F8 /* Assets.xcassets */; };
		A5ABFC381BDDAF2500DAF9F8 /* LaunchScreen.storyboard in Resources */ = {isa = PBXBuildFile; fileRef = A5ABFC361BDDAF2500DAF9F8 /* LaunchScreen.storyboard */; };
/* End PBXBuildFile section */

/* Begin PBXFileReference section */
		0CBD08917369B597F3365765 /* Pods-microblog-oc.release.xcconfig */ = {isa = PBXFileReference; includeInIndex = 1; lastKnownFileType = text.xcconfig; name = "Pods-microblog-oc.release.xcconfig"; path = "Pods/Target Support Files/Pods-microblog-oc/Pods-microblog-oc.release.xcconfig"; sourceTree = "<group>"; };
		17F2F4B409FAE83B7B42AAB1 /* Pods_microblog_oc.framework */ = {isa = PBXFileReference; explicitFileType = wrapper.framework; includeInIndex = 0; path = Pods_microblog_oc.framework; sourceTree = BUILT_PRODUCTS_DIR; };
		5D50224C087D20AB20AE0FD7 /* Pods-microblog-oc.debug.xcconfig */ = {isa = PBXFileReference; includeInIndex = 1; lastKnownFileType = text.xcconfig; name = "Pods-microblog-oc.debug.xcconfig"; path = "Pods/Target Support Files/Pods-microblog-oc/Pods-microblog-oc.debug.xcconfig"; sourceTree = "<group>"; };
		A5ABFC251BDDAF2500DAF9F8 /* microblog-oc.app */ = {isa = PBXFileReference; explicitFileType = wrapper.application; includeInIndex = 0; path = "microblog-oc.app"; sourceTree = BUILT_PRODUCTS_DIR; };
		A5ABFC291BDDAF2500DAF9F8 /* main.m */ = {isa = PBXFileReference; lastKnownFileType = sourcecode.c.objc; path = main.m; sourceTree = "<group>"; };
		A5ABFC2B1BDDAF2500DAF9F8 /* AppDelegate.h */ = {isa = PBXFileReference; lastKnownFileType = sourcecode.c.h; path = AppDelegate.h; sourceTree = "<group>"; };
		A5ABFC2C1BDDAF2500DAF9F8 /* AppDelegate.m */ = {isa = PBXFileReference; lastKnownFileType = sourcecode.c.objc; path = AppDelegate.m; sourceTree = "<group>"; };
		A5ABFC2E1BDDAF2500DAF9F8 /* ViewController.h */ = {isa = PBXFileReference; lastKnownFileType = sourcecode.c.h; path = ViewController.h; sourceTree = "<group>"; };
		A5ABFC2F1BDDAF2500DAF9F8 /* ViewController.m */ = {isa = PBXFileReference; lastKnownFileType = sourcecode.c.objc; path = ViewController.m; sourceTree = "<group>"; };
		A5ABFC321BDDAF2500DAF9F8 /* Base */ = {isa = PBXFileReference; lastKnownFileType = file.storyboard; name = Base; path = Base.lproj/Main.storyboard; sourceTree = "<group>"; };
		A5ABFC341BDDAF2500DAF9F8 /* Assets.xcassets */ = {isa = PBXFileReference; lastKnownFileType = folder.assetcatalog; path = Assets.xcassets; sourceTree = "<group>"; };
		A5ABFC371BDDAF2500DAF9F8 /* Base */ = {isa = PBXFileReference; lastKnownFileType = file.storyboard; name = Base; path = Base.lproj/LaunchScreen.storyboard; sourceTree = "<group>"; };
		A5ABFC391BDDAF2500DAF9F8 /* Info.plist */ = {isa = PBXFileReference; lastKnownFileType = text.plist.xml; path = Info.plist; sourceTree = "<group>"; };
/* End PBXFileReference section */

/* Begin PBXFrameworksBuildPhase section */
		A5ABFC221BDDAF2500DAF9F8 /* Frameworks */ = {
			isa = PBXFrameworksBuildPhase;
			buildActionMask = 2147483647;
			files = (
				8E81CBCBA42855237767C97F /* Pods_microblog_oc.framework in Frameworks */,
			);
			runOnlyForDeploymentPostprocessing = 0;
		};
/* End PBXFrameworksBuildPhase section */

/* Begin PBXGroup section */
		4D971C8D695995FA52BAE3CB /* Pods */ = {
			isa = PBXGroup;
			children = (
				5D50224C087D20AB20AE0FD7 /* Pods-microblog-oc.debug.xcconfig */,
				0CBD08917369B597F3365765 /* Pods-microblog-oc.release.xcconfig */,
			);
			name = Pods;
			sourceTree = "<group>";
		};
		9903D63E165ED63C8E7BA3C5 /* Frameworks */ = {
			isa = PBXGroup;
			children = (
				17F2F4B409FAE83B7B42AAB1 /* Pods_microblog_oc.framework */,
			);
			name = Frameworks;
			sourceTree = "<group>";
		};
		A5ABFC1C1BDDAF2500DAF9F8 = {
			isa = PBXGroup;
			children = (
				A5ABFC271BDDAF2500DAF9F8 /* microblog-oc */,
				A5ABFC261BDDAF2500DAF9F8 /* Products */,
				4D971C8D695995FA52BAE3CB /* Pods */,
				9903D63E165ED63C8E7BA3C5 /* Frameworks */,
			);
			sourceTree = "<group>";
		};
		A5ABFC261BDDAF2500DAF9F8 /* Products */ = {
			isa = PBXGroup;
			children = (
				A5ABFC251BDDAF2500DAF9F8 /* microblog-oc.app */,
			);
			name = Products;
			sourceTree = "<group>";
		};
		A5ABFC271BDDAF2500DAF9F8 /* microblog-oc */ = {
			isa = PBXGroup;
			children = (
				A5ABFC2B1BDDAF2500DAF9F8 /* AppDelegate.h */,
				A5ABFC2C1BDDAF2500DAF9F8 /* AppDelegate.m */,
				A5ABFC2E1BDDAF2500DAF9F8 /* ViewController.h */,
				A5ABFC2F1BDDAF2500DAF9F8 /* ViewController.m */,
				A5ABFC311BDDAF2500DAF9F8 /* Main.storyboard */,
				A5ABFC341BDDAF2500DAF9F8 /* Assets.xcassets */,
				A5ABFC361BDDAF2500DAF9F8 /* LaunchScreen.storyboard */,
				A5ABFC391BDDAF2500DAF9F8 /* Info.plist */,
				A5ABFC281BDDAF2500DAF9F8 /* Supporting Files */,
			);
			path = "microblog-oc";
			sourceTree = "<group>";
		};
		A5ABFC281BDDAF2500DAF9F8 /* Supporting Files */ = {
			isa = PBXGroup;
			children = (
				A5ABFC291BDDAF2500DAF9F8 /* main.m */,
			);
			name = "Supporting Files";
			sourceTree = "<group>";
		};
/* End PBXGroup section */

/* Begin PBXNativeTarget section */
		A5ABFC241BDDAF2500DAF9F8 /* microblog-oc */ = {
			isa = PBXNativeTarget;
			buildConfigurationList = A5ABFC3C1BDDAF2500DAF9F8 /* Build configuration list for PBXNativeTarget "microblog-oc" */;
			buildPhases = (
				B5A51D2E2AACF2C5D275F358 /* Check Pods Manifest.lock */,
				A5ABFC211BDDAF2500DAF9F8 /* Sources */,
				A5ABFC221BDDAF2500DAF9F8 /* Frameworks */,
				A5ABFC231BDDAF2500DAF9F8 /* Resources */,
				0A31E21065F99D58DCCC4916 /* Embed Pods Frameworks */,
				062AF26FA726BC80BE5961FA /* Copy Pods Resources */,
			);
			buildRules = (
			);
			dependencies = (
			);
			name = "microblog-oc";
			productName = "microblog-oc";
			productReference = A5ABFC251BDDAF2500DAF9F8 /* microblog-oc.app */;
			productType = "com.apple.product-type.application";
		};
/* End PBXNativeTarget section */

/* Begin PBXProject section */
		A5ABFC1D1BDDAF2500DAF9F8 /* Project object */ = {
			isa = PBXProject;
			attributes = {
				LastUpgradeCheck = 0710;
				ORGANIZATIONNAME = "六阿哥";
				TargetAttributes = {
					A5ABFC241BDDAF2500DAF9F8 = {
						CreatedOnToolsVersion = 7.1;
						DevelopmentTeam = GABKPEQD3S;
					};
				};
			};
			buildConfigurationList = A5ABFC201BDDAF2500DAF9F8 /* Build configuration list for PBXProject "microblog-oc" */;
			compatibilityVersion = "Xcode 3.2";
			developmentRegion = English;
			hasScannedForEncodings = 0;
			knownRegions = (
				en,
				Base,
			);
			mainGroup = A5ABFC1C1BDDAF2500DAF9F8;
			productRefGroup = A5ABFC261BDDAF2500DAF9F8 /* Products */;
			projectDirPath = "";
			projectRoot = "";
			targets = (
				A5ABFC241BDDAF2500DAF9F8 /* microblog-oc */,
			);
		};
/* End PBXProject section */

/* Begin PBXResourcesBuildPhase section */
		A5ABFC231BDDAF2500DAF9F8 /* Resources */ = {
			isa = PBXResourcesBuildPhase;
			buildActionMask = 2147483647;
			files = (
				A5ABFC381BDDAF2500DAF9F8 /* LaunchScreen.storyboard in Resources */,
				A5ABFC351BDDAF2500DAF9F8 /* Assets.xcassets in Resources */,
				A5ABFC331BDDAF2500DAF9F8 /* Main.storyboard in Resources */,
			);
			runOnlyForDeploymentPostprocessing = 0;
		};
/* End PBXResourcesBuildPhase section */

/* Begin PBXShellScriptBuildPhase section */
		062AF26FA726BC80BE5961FA /* Copy Pods Resources */ = {
			isa = PBXShellScriptBuildPhase;
			buildActionMask = 2147483647;
			files = (
			);
			inputPaths = (
			);
			name = "Copy Pods Resources";
			outputPaths = (
			);
			runOnlyForDeploymentPostprocessing = 0;
			shellPath = /bin/sh;
			shellScript = "\"${SRCROOT}/Pods/Target Support Files/Pods-microblog-oc/Pods-microblog-oc-resources.sh\"\n";
			showEnvVarsInLog = 0;
		};
		0A31E21065F99D58DCCC4916 /* Embed Pods Frameworks */ = {
			isa = PBXShellScriptBuildPhase;
			buildActionMask = 2147483647;
			files = (
			);
			inputPaths = (
			);
			name = "Embed Pods Frameworks";
			outputPaths = (
			);
			runOnlyForDeploymentPostprocessing = 0;
			shellPath = /bin/sh;
			shellScript = "\"${SRCROOT}/Pods/Target Support Files/Pods-microblog-oc/Pods-microblog-oc-frameworks.sh\"\n";
			showEnvVarsInLog = 0;
		};
		B5A51D2E2AACF2C5D275F358 /* Check Pods Manifest.lock */ = {
			isa = PBXShellScriptBuildPhase;
			buildActionMask = 2147483647;
			files = (
			);
			inputPaths = (
			);
			name = "Check Pods Manifest.lock";
			outputPaths = (
			);
			runOnlyForDeploymentPostprocessing = 0;
			shellPath = /bin/sh;
			shellScript = "diff \"${PODS_ROOT}/../Podfile.lock\" \"${PODS_ROOT}/Manifest.lock\" > /dev/null\nif [[ $? != 0 ]] ; then\n    cat << EOM\nerror: The sandbox is not in sync with the Podfile.lock. Run 'pod install' or update your CocoaPods installation.\nEOM\n    exit 1\nfi\n";
			showEnvVarsInLog = 0;
		};
/* End PBXShellScriptBuildPhase section */

/* Begin PBXSourcesBuildPhase section */
		A5ABFC211BDDAF2500DAF9F8 /* Sources */ = {
			isa = PBXSourcesBuildPhase;
			buildActionMask = 2147483647;
			files = (
				A5ABFC301BDDAF2500DAF9F8 /* ViewController.m in Sources */,
				A5ABFC2D1BDDAF2500DAF9F8 /* AppDelegate.m in Sources */,
				A5ABFC2A1BDDAF2500DAF9F8 /* main.m in Sources */,
			);
			runOnlyForDeploymentPostprocessing = 0;
		};
/* End PBXSourcesBuildPhase section */

/* Begin PBXVariantGroup section */
		A5ABFC311BDDAF2500DAF9F8 /* Main.storyboard */ = {
			isa = PBXVariantGroup;
			children = (
				A5ABFC321BDDAF2500DAF9F8 /* Base */,
			);
			name = Main.storyboard;
			sourceTree = "<group>";
		};
		A5ABFC361BDDAF2500DAF9F8 /* LaunchScreen.storyboard */ = {
			isa = PBXVariantGroup;
			children = (
				A5ABFC371BDDAF2500DAF9F8 /* Base */,
			);
			name = LaunchScreen.storyboard;
			sourceTree = "<group>";
		};
/* End PBXVariantGroup section */

/* Begin XCBuildConfiguration section */
		A5ABFC3A1BDDAF2500DAF9F8 /* Debug */ = {
			isa = XCBuildConfiguration;
			buildSettings = {
				ALWAYS_SEARCH_USER_PATHS = NO;
				CLANG_CXX_LANGUAGE_STANDARD = "gnu++0x";
				CLANG_CXX_LIBRARY = "libc++";
				CLANG_ENABLE_MODULES = YES;
				CLANG_ENABLE_OBJC_ARC = YES;
				CLANG_WARN_BOOL_CONVERSION = YES;
				CLANG_WARN_CONSTANT_CONVERSION = YES;
				CLANG_WARN_DIRECT_OBJC_ISA_USAGE = YES_ERROR;
				CLANG_WARN_EMPTY_BODY = YES;
				CLANG_WARN_ENUM_CONVERSION = YES;
				CLANG_WARN_INT_CONVERSION = YES;
				CLANG_WARN_OBJC_ROOT_CLASS = YES_ERROR;
				CLANG_WARN_UNREACHABLE_CODE = YES;
				CLANG_WARN__DUPLICATE_METHOD_MATCH = YES;
				"CODE_SIGN_IDENTITY[sdk=iphoneos*]" = "iPhone Developer";
				COPY_PHASE_STRIP = NO;
				DEBUG_INFORMATION_FORMAT = dwarf;
				ENABLE_STRICT_OBJC_MSGSEND = YES;
				ENABLE_TESTABILITY = YES;
				GCC_C_LANGUAGE_STANDARD = gnu99;
				GCC_DYNAMIC_NO_PIC = NO;
				GCC_NO_COMMON_BLOCKS = YES;
				GCC_OPTIMIZATION_LEVEL = 0;
				GCC_PREPROCESSOR_DEFINITIONS = (
					"DEBUG=1",
					"$(inherited)",
				);
				GCC_WARN_64_TO_32_BIT_CONVERSION = YES;
				GCC_WARN_ABOUT_RETURN_TYPE = YES_ERROR;
				GCC_WARN_UNDECLARED_SELECTOR = YES;
				GCC_WARN_UNINITIALIZED_AUTOS = YES_AGGRESSIVE;
				GCC_WARN_UNUSED_FUNCTION = YES;
				GCC_WARN_UNUSED_VARIABLE = YES;
				IPHONEOS_DEPLOYMENT_TARGET = 9.1;
				MTL_ENABLE_DEBUG_INFO = YES;
				ONLY_ACTIVE_ARCH = YES;
				SDKROOT = iphoneos;
			};
			name = Debug;
		};
		A5ABFC3B1BDDAF2500DAF9F8 /* Release */ = {
			isa = XCBuildConfiguration;
			buildSettings = {
				ALWAYS_SEARCH_USER_PATHS = NO;
				CLANG_CXX_LANGUAGE_STANDARD = "gnu++0x";
				CLANG_CXX_LIBRARY = "libc++";
				CLANG_ENABLE_MODULES = YES;
				CLANG_ENABLE_OBJC_ARC = YES;
				CLANG_WARN_BOOL_CONVERSION = YES;
				CLANG_WARN_CONSTANT_CONVERSION = YES;
				CLANG_WARN_DIRECT_OBJC_ISA_USAGE = YES_ERROR;
				CLANG_WARN_EMPTY_BODY = YES;
				CLANG_WARN_ENUM_CONVERSION = YES;
				CLANG_WARN_INT_CONVERSION = YES;
				CLANG_WARN_OBJC_ROOT_CLASS = YES_ERROR;
				CLANG_WARN_UNREACHABLE_CODE = YES;
				CLANG_WARN__DUPLICATE_METHOD_MATCH = YES;
				"CODE_SIGN_IDENTITY[sdk=iphoneos*]" = "iPhone Developer";
				COPY_PHASE_STRIP = NO;
				DEBUG_INFORMATION_FORMAT = "dwarf-with-dsym";
				ENABLE_NS_ASSERTIONS = NO;
				ENABLE_STRICT_OBJC_MSGSEND = YES;
				GCC_C_LANGUAGE_STANDARD = gnu99;
				GCC_NO_COMMON_BLOCKS = YES;
				GCC_WARN_64_TO_32_BIT_CONVERSION = YES;
				GCC_WARN_ABOUT_RETURN_TYPE = YES_ERROR;
				GCC_WARN_UNDECLARED_SELECTOR = YES;
				GCC_WARN_UNINITIALIZED_AUTOS = YES_AGGRESSIVE;
				GCC_WARN_UNUSED_FUNCTION = YES;
				GCC_WARN_UNUSED_VARIABLE = YES;
				IPHONEOS_DEPLOYMENT_TARGET = 9.1;
				MTL_ENABLE_DEBUG_INFO = NO;
				SDKROOT = iphoneos;
				VALIDATE_PRODUCT = YES;
			};
			name = Release;
		};
		A5ABFC3D1BDDAF2500DAF9F8 /* Debug */ = {
			isa = XCBuildConfiguration;
			baseConfigurationReference = 5D50224C087D20AB20AE0FD7 /* Pods-microblog-oc.debug.xcconfig */;
			buildSettings = {
				ASSETCATALOG_COMPILER_APPICON_NAME = AppIcon;
				INFOPLIST_FILE = "microblog-oc/Info.plist";
				LD_RUNPATH_SEARCH_PATHS = "$(inherited) @executable_path/Frameworks";
				PRODUCT_BUNDLE_IDENTIFIER = "cn.6ag.microblog-oc";
				PRODUCT_NAME = "$(TARGET_NAME)";
			};
			name = Debug;
		};
		A5ABFC3E1BDDAF2500DAF9F8 /* Release */ = {
			isa = XCBuildConfiguration;
			baseConfigurationReference = 0CBD08917369B597F3365765 /* Pods-microblog-oc.release.xcconfig */;
			buildSettings = {
				ASSETCATALOG_COMPILER_APPICON_NAME = AppIcon;
				INFOPLIST_FILE = "microblog-oc/Info.plist";
				LD_RUNPATH_SEARCH_PATHS = "$(inherited) @executable_path/Frameworks";
				PRODUCT_BUNDLE_IDENTIFIER = "cn.6ag.microblog-oc";
				PRODUCT_NAME = "$(TARGET_NAME)";
			};
			name = Release;
		};
/* End XCBuildConfiguration section */

/* Begin XCConfigurationList section */
		A5ABFC201BDDAF2500DAF9F8 /* Build configuration list for PBXProject "microblog-oc" */ = {
			isa = XCConfigurationList;
			buildConfigurations = (
				A5ABFC3A1BDDAF2500DAF9F8 /* Debug */,
				A5ABFC3B1BDDAF2500DAF9F8 /* Release */,
			);
			defaultConfigurationIsVisible = 0;
			defaultConfigurationName = Release;
		};
		A5ABFC3C1BDDAF2500DAF9F8 /* Build configuration list for PBXNativeTarget "microblog-oc" */ = {
			isa = XCConfigurationList;
			buildConfigurations = (
				A5ABFC3D1BDDAF2500DAF9F8 /* Debug */,
				A5ABFC3E1BDDAF2500DAF9F8 /* Release */,
			);
			defaultConfigurationIsVisible = 0;
			defaultConfigurationName = Release;
		};
/* End XCConfigurationList section */
	};
	rootObject = A5ABFC1D1BDDAF2500DAF9F8 /* Project object */;
}
