// !$*UTF8*$!
{
	archiveVersion = 1;
	classes = {
	};
	objectVersion = 46;
	objects = {

/* Begin PBXBuildFile section */
		8E81CBCBA42855237767C97F /* Pods_microblog_oc.framework in Frameworks */ = {isa = PBXBuildFile; fileRef = 17F2F4B409FAE83B7B42AAB1 /* Pods_microblog_oc.framework */; };
		A505A6501BE1D8A10059061D /* JFUserAccount.m in Sources */ = {isa = PBXBuildFile; fileRef = A505A64F1BE1D8A10059061D /* JFUserAccount.m */; };
		A505A6541BE1D90A0059061D /* JFHTTPTools.m in Sources */ = {isa = PBXBuildFile; fileRef = A505A6531BE1D90A0059061D /* JFHTTPTools.m */; };
		A505A6571BE1D9310059061D /* JFTabBarController.m in Sources */ = {isa = PBXBuildFile; fileRef = A505A6561BE1D9310059061D /* JFTabBarController.m */; };
		A505A65A1BE1D9480059061D /* JFNavigationController.m in Sources */ = {isa = PBXBuildFile; fileRef = A505A6591BE1D9480059061D /* JFNavigationController.m */; };
		A505A65D1BE1D97F0059061D /* JFHomeTableViewController.m in Sources */ = {isa = PBXBuildFile; fileRef = A505A65C1BE1D97F0059061D /* JFHomeTableViewController.m */; };
		A505A6601BE1D98F0059061D /* JFMessageTableViewController.m in Sources */ = {isa = PBXBuildFile; fileRef = A505A65F1BE1D98F0059061D /* JFMessageTableViewController.m */; };
		A505A6631BE1D9A00059061D /* JFDiscoverTableViewController.m in Sources */ = {isa = PBXBuildFile; fileRef = A505A6621BE1D9A00059061D /* JFDiscoverTableViewController.m */; };
		A505A6661BE1D9AC0059061D /* JFProfileTableViewController.m in Sources */ = {isa = PBXBuildFile; fileRef = A505A6651BE1D9AC0059061D /* JFProfileTableViewController.m */; };
		A505A6691BE1D9BA0059061D /* JFCenterViewController.m in Sources */ = {isa = PBXBuildFile; fileRef = A505A6681BE1D9BA0059061D /* JFCenterViewController.m */; };
		A505A66C1BE1D9CB0059061D /* JFComposeViewController.m in Sources */ = {isa = PBXBuildFile; fileRef = A505A66B1BE1D9CB0059061D /* JFComposeViewController.m */; };
		A505A66F1BE1D9EA0059061D /* JFNewFeatureViewController.m in Sources */ = {isa = PBXBuildFile; fileRef = A505A66E1BE1D9EA0059061D /* JFNewFeatureViewController.m */; };
		A505A6721BE1D9FB0059061D /* JFWelcomeViewController.m in Sources */ = {isa = PBXBuildFile; fileRef = A505A6711BE1D9FB0059061D /* JFWelcomeViewController.m */; };
		A505A6751BE1DA090059061D /* JFOAuthViewController.m in Sources */ = {isa = PBXBuildFile; fileRef = A505A6741BE1DA090059061D /* JFOAuthViewController.m */; };
		A5A025F31BE277480030A430 /* UIApplication+Extension.m in Sources */ = {isa = PBXBuildFile; fileRef = A5A025F21BE277480030A430 /* UIApplication+Extension.m */; };
		A5ABFC2A1BDDAF2500DAF9F8 /* main.m in Sources */ = {isa = PBXBuildFile; fileRef = A5ABFC291BDDAF2500DAF9F8 /* main.m */; };
		A5ABFC2D1BDDAF2500DAF9F8 /* AppDelegate.m in Sources */ = {isa = PBXBuildFile; fileRef = A5ABFC2C1BDDAF2500DAF9F8 /* AppDelegate.m */; };
		A5ABFC351BDDAF2500DAF9F8 /* Assets.xcassets in Resources */ = {isa = PBXBuildFile; fileRef = A5ABFC341BDDAF2500DAF9F8 /* Assets.xcassets */; };
		A5BEE20F1BE23CA20029A3DC /* JFHomeVisitorView.m in Sources */ = {isa = PBXBuildFile; fileRef = A5BEE20E1BE23CA20029A3DC /* JFHomeVisitorView.m */; };
/* End PBXBuildFile section */

/* Begin PBXFileReference section */
		0CBD08917369B597F3365765 /* Pods-microblog-oc.release.xcconfig */ = {isa = PBXFileReference; includeInIndex = 1; lastKnownFileType = text.xcconfig; name = "Pods-microblog-oc.release.xcconfig"; path = "Pods/Target Support Files/Pods-microblog-oc/Pods-microblog-oc.release.xcconfig"; sourceTree = "<group>"; };
		17F2F4B409FAE83B7B42AAB1 /* Pods_microblog_oc.framework */ = {isa = PBXFileReference; explicitFileType = wrapper.framework; includeInIndex = 0; path = Pods_microblog_oc.framework; sourceTree = BUILT_PRODUCTS_DIR; };
		5D50224C087D20AB20AE0FD7 /* Pods-microblog-oc.debug.xcconfig */ = {isa = PBXFileReference; includeInIndex = 1; lastKnownFileType = text.xcconfig; name = "Pods-microblog-oc.debug.xcconfig"; path = "Pods/Target Support Files/Pods-microblog-oc/Pods-microblog-oc.debug.xcconfig"; sourceTree = "<group>"; };
		A505A64E1BE1D8A10059061D /* JFUserAccount.h */ = {isa = PBXFileReference; fileEncoding = 4; lastKnownFileType = sourcecode.c.h; path = JFUserAccount.h; sourceTree = "<group>"; };
		A505A64F1BE1D8A10059061D /* JFUserAccount.m */ = {isa = PBXFileReference; fileEncoding = 4; lastKnownFileType = sourcecode.c.objc; path = JFUserAccount.m; sourceTree = "<group>"; };
		A505A6521BE1D90A0059061D /* JFHTTPTools.h */ = {isa = PBXFileReference; fileEncoding = 4; lastKnownFileType = sourcecode.c.h; path = JFHTTPTools.h; sourceTree = "<group>"; };
		A505A6531BE1D90A0059061D /* JFHTTPTools.m */ = {isa = PBXFileReference; fileEncoding = 4; lastKnownFileType = sourcecode.c.objc; path = JFHTTPTools.m; sourceTree = "<group>"; };
		A505A6551BE1D9310059061D /* JFTabBarController.h */ = {isa = PBXFileReference; fileEncoding = 4; lastKnownFileType = sourcecode.c.h; path = JFTabBarController.h; sourceTree = "<group>"; };
		A505A6561BE1D9310059061D /* JFTabBarController.m */ = {isa = PBXFileReference; fileEncoding = 4; lastKnownFileType = sourcecode.c.objc; path = JFTabBarController.m; sourceTree = "<group>"; };
		A505A6581BE1D9480059061D /* JFNavigationController.h */ = {isa = PBXFileReference; fileEncoding = 4; lastKnownFileType = sourcecode.c.h; path = JFNavigationController.h; sourceTree = "<group>"; };
		A505A6591BE1D9480059061D /* JFNavigationController.m */ = {isa = PBXFileReference; fileEncoding = 4; lastKnownFileType = sourcecode.c.objc; path = JFNavigationController.m; sourceTree = "<group>"; };
		A505A65B1BE1D97F0059061D /* JFHomeTableViewController.h */ = {isa = PBXFileReference; fileEncoding = 4; lastKnownFileType = sourcecode.c.h; path = JFHomeTableViewController.h; sourceTree = "<group>"; };
		A505A65C1BE1D97F0059061D /* JFHomeTableViewController.m */ = {isa = PBXFileReference; fileEncoding = 4; lastKnownFileType = sourcecode.c.objc; path = JFHomeTableViewController.m; sourceTree = "<group>"; };
		A505A65E1BE1D98F0059061D /* JFMessageTableViewController.h */ = {isa = PBXFileReference; fileEncoding = 4; lastKnownFileType = sourcecode.c.h; path = JFMessageTableViewController.h; sourceTree = "<group>"; };
		A505A65F1BE1D98F0059061D /* JFMessageTableViewController.m */ = {isa = PBXFileReference; fileEncoding = 4; lastKnownFileType = sourcecode.c.objc; path = JFMessageTableViewController.m; sourceTree = "<group>"; };
		A505A6611BE1D9A00059061D /* JFDiscoverTableViewController.h */ = {isa = PBXFileReference; fileEncoding = 4; lastKnownFileType = sourcecode.c.h; path = JFDiscoverTableViewController.h; sourceTree = "<group>"; };
		A505A6621BE1D9A00059061D /* JFDiscoverTableViewController.m */ = {isa = PBXFileReference; fileEncoding = 4; lastKnownFileType = sourcecode.c.objc; path = JFDiscoverTableViewController.m; sourceTree = "<group>"; };
		A505A6641BE1D9AC0059061D /* JFProfileTableViewController.h */ = {isa = PBXFileReference; fileEncoding = 4; lastKnownFileType = sourcecode.c.h; path = JFProfileTableViewController.h; sourceTree = "<group>"; };
		A505A6651BE1D9AC0059061D /* JFProfileTableViewController.m */ = {isa = PBXFileReference; fileEncoding = 4; lastKnownFileType = sourcecode.c.objc; path = JFProfileTableViewController.m; sourceTree = "<group>"; };
		A505A6671BE1D9BA0059061D /* JFCenterViewController.h */ = {isa = PBXFileReference; fileEncoding = 4; lastKnownFileType = sourcecode.c.h; path = JFCenterViewController.h; sourceTree = "<group>"; };
		A505A6681BE1D9BA0059061D /* JFCenterViewController.m */ = {isa = PBXFileReference; fileEncoding = 4; lastKnownFileType = sourcecode.c.objc; path = JFCenterViewController.m; sourceTree = "<group>"; };
		A505A66A1BE1D9CB0059061D /* JFComposeViewController.h */ = {isa = PBXFileReference; fileEncoding = 4; lastKnownFileType = sourcecode.c.h; path = JFComposeViewController.h; sourceTree = "<group>"; };
		A505A66B1BE1D9CB0059061D /* JFComposeViewController.m */ = {isa = PBXFileReference; fileEncoding = 4; lastKnownFileType = sourcecode.c.objc; path = JFComposeViewController.m; sourceTree = "<group>"; };
		A505A66D1BE1D9EA0059061D /* JFNewFeatureViewController.h */ = {isa = PBXFileReference; fileEncoding = 4; lastKnownFileType = sourcecode.c.h; path = JFNewFeatureViewController.h; sourceTree = "<group>"; };
		A505A66E1BE1D9EA0059061D /* JFNewFeatureViewController.m */ = {isa = PBXFileReference; fileEncoding = 4; lastKnownFileType = sourcecode.c.objc; path = JFNewFeatureViewController.m; sourceTree = "<group>"; };
		A505A6701BE1D9FB0059061D /* JFWelcomeViewController.h */ = {isa = PBXFileReference; fileEncoding = 4; lastKnownFileType = sourcecode.c.h; path = JFWelcomeViewController.h; sourceTree = "<group>"; };
		A505A6711BE1D9FB0059061D /* JFWelcomeViewController.m */ = {isa = PBXFileReference; fileEncoding = 4; lastKnownFileType = sourcecode.c.objc; path = JFWelcomeViewController.m; sourceTree = "<group>"; };
		A505A6731BE1DA090059061D /* JFOAuthViewController.h */ = {isa = PBXFileReference; fileEncoding = 4; lastKnownFileType = sourcecode.c.h; path = JFOAuthViewController.h; sourceTree = "<group>"; };
		A505A6741BE1DA090059061D /* JFOAuthViewController.m */ = {isa = PBXFileReference; fileEncoding = 4; lastKnownFileType = sourcecode.c.objc; path = JFOAuthViewController.m; sourceTree = "<group>"; };
		A505A6761BE1DB000059061D /* JFCommon.h */ = {isa = PBXFileReference; fileEncoding = 4; lastKnownFileType = sourcecode.c.h; name = JFCommon.h; path = ../JFCommon.h; sourceTree = "<group>"; };
		A505A6791BE1DB1E0059061D /* microblog.pch */ = {isa = PBXFileReference; fileEncoding = 4; lastKnownFileType = sourcecode.c.h; name = microblog.pch; path = ../microblog.pch; sourceTree = "<group>"; };
		A5A025F11BE277480030A430 /* UIApplication+Extension.h */ = {isa = PBXFileReference; fileEncoding = 4; lastKnownFileType = sourcecode.c.h; path = "UIApplication+Extension.h"; sourceTree = "<group>"; };
		A5A025F21BE277480030A430 /* UIApplication+Extension.m */ = {isa = PBXFileReference; fileEncoding = 4; lastKnownFileType = sourcecode.c.objc; path = "UIApplication+Extension.m"; sourceTree = "<group>"; };
		A5ABFC251BDDAF2500DAF9F8 /* microblog-oc.app */ = {isa = PBXFileReference; explicitFileType = wrapper.application; includeInIndex = 0; path = "microblog-oc.app"; sourceTree = BUILT_PRODUCTS_DIR; };
		A5ABFC291BDDAF2500DAF9F8 /* main.m */ = {isa = PBXFileReference; lastKnownFileType = sourcecode.c.objc; path = main.m; sourceTree = "<group>"; };
		A5ABFC2B1BDDAF2500DAF9F8 /* AppDelegate.h */ = {isa = PBXFileReference; lastKnownFileType = sourcecode.c.h; name = AppDelegate.h; path = ../AppDelegate.h; sourceTree = "<group>"; };
		A5ABFC2C1BDDAF2500DAF9F8 /* AppDelegate.m */ = {isa = PBXFileReference; lastKnownFileType = sourcecode.c.objc; name = AppDelegate.m; path = ../AppDelegate.m; sourceTree = "<group>"; };
		A5ABFC341BDDAF2500DAF9F8 /* Assets.xcassets */ = {isa = PBXFileReference; lastKnownFileType = folder.assetcatalog; name = Assets.xcassets; path = ../Assets.xcassets; sourceTree = "<group>"; };
		A5ABFC391BDDAF2500DAF9F8 /* Info.plist */ = {isa = PBXFileReference; lastKnownFileType = text.plist.xml; name = Info.plist; path = ../Info.plist; sourceTree = "<group>"; };
		A5BEE20D1BE23CA20029A3DC /* JFHomeVisitorView.h */ = {isa = PBXFileReference; fileEncoding = 4; lastKnownFileType = sourcecode.c.h; path = JFHomeVisitorView.h; sourceTree = "<group>"; };
		A5BEE20E1BE23CA20029A3DC /* JFHomeVisitorView.m */ = {isa = PBXFileReference; fileEncoding = 4; lastKnownFileType = sourcecode.c.objc; path = JFHomeVisitorView.m; sourceTree = "<group>"; };
/* End PBXFileReference section */

/* Begin PBXFrameworksBuildPhase section */
		A5ABFC221BDDAF2500DAF9F8 /* Frameworks */ = {
			isa = PBXFrameworksBuildPhase;
			buildActionMask = 2147483647;
			files = (
				8E81CBCBA42855237767C97F /* Pods_microblog_oc.framework in Frameworks */,
			);
			runOnlyForDeploymentPostprocessing = 0;
		};
/* End PBXFrameworksBuildPhase section */

/* Begin PBXGroup section */
		4D971C8D695995FA52BAE3CB /* Pods */ = {
			isa = PBXGroup;
			children = (
				5D50224C087D20AB20AE0FD7 /* Pods-microblog-oc.debug.xcconfig */,
				0CBD08917369B597F3365765 /* Pods-microblog-oc.release.xcconfig */,
			);
			name = Pods;
			sourceTree = "<group>";
		};
		9903D63E165ED63C8E7BA3C5 /* Frameworks */ = {
			isa = PBXGroup;
			children = (
				17F2F4B409FAE83B7B42AAB1 /* Pods_microblog_oc.framework */,
			);
			name = Frameworks;
			sourceTree = "<group>";
		};
		A505A6511BE1D8D00059061D /* Tools */ = {
			isa = PBXGroup;
			children = (
				A505A6521BE1D90A0059061D /* JFHTTPTools.h */,
				A505A6531BE1D90A0059061D /* JFHTTPTools.m */,
			);
			path = Tools;
			sourceTree = "<group>";
		};
		A505A67B1BE1DEE20059061D /* Other */ = {
			isa = PBXGroup;
			children = (
				A5ABFC391BDDAF2500DAF9F8 /* Info.plist */,
				A5ABFC2B1BDDAF2500DAF9F8 /* AppDelegate.h */,
				A5ABFC2C1BDDAF2500DAF9F8 /* AppDelegate.m */,
				A505A6761BE1DB000059061D /* JFCommon.h */,
				A505A6791BE1DB1E0059061D /* microblog.pch */,
			);
			path = Other;
			sourceTree = "<group>";
		};
		A5ABFC1C1BDDAF2500DAF9F8 = {
			isa = PBXGroup;
			children = (
				A5ABFC271BDDAF2500DAF9F8 /* microblog-oc */,
				A5ABFC261BDDAF2500DAF9F8 /* Products */,
				4D971C8D695995FA52BAE3CB /* Pods */,
				9903D63E165ED63C8E7BA3C5 /* Frameworks */,
			);
			sourceTree = "<group>";
		};
		A5ABFC261BDDAF2500DAF9F8 /* Products */ = {
			isa = PBXGroup;
			children = (
				A5ABFC251BDDAF2500DAF9F8 /* microblog-oc.app */,
			);
			name = Products;
			sourceTree = "<group>";
		};
		A5ABFC271BDDAF2500DAF9F8 /* microblog-oc */ = {
			isa = PBXGroup;
			children = (
				A505A67B1BE1DEE20059061D /* Other */,
				A5AED9FC1BDF9AB8007EEF81 /* Resource */,
				A5AED9D21BDF9AB8007EEF81 /* Classes */,
				A5ABFC281BDDAF2500DAF9F8 /* Supporting Files */,
			);
			path = "microblog-oc";
			sourceTree = "<group>";
		};
		A5ABFC281BDDAF2500DAF9F8 /* Supporting Files */ = {
			isa = PBXGroup;
			children = (
				A5ABFC291BDDAF2500DAF9F8 /* main.m */,
			);
			name = "Supporting Files";
			sourceTree = "<group>";
		};
		A5AED9D21BDF9AB8007EEF81 /* Classes */ = {
			isa = PBXGroup;
			children = (
				A5AED9D31BDF9AB8007EEF81 /* Extension */,
				A5AED9D41BDF9AB8007EEF81 /* Library */,
				A505A6511BE1D8D00059061D /* Tools */,
				A5AED9D51BDF9AB8007EEF81 /* Model */,
				A5AED9D61BDF9AB8007EEF81 /* Module */,
			);
			path = Classes;
			sourceTree = "<group>";
		};
		A5AED9D31BDF9AB8007EEF81 /* Extension */ = {
			isa = PBXGroup;
			children = (
				A5A025F11BE277480030A430 /* UIApplication+Extension.h */,
				A5A025F21BE277480030A430 /* UIApplication+Extension.m */,
			);
			path = Extension;
			sourceTree = "<group>";
		};
		A5AED9D41BDF9AB8007EEF81 /* Library */ = {
			isa = PBXGroup;
			children = (
			);
			path = Library;
			sourceTree = "<group>";
		};
		A5AED9D51BDF9AB8007EEF81 /* Model */ = {
			isa = PBXGroup;
			children = (
				A505A64E1BE1D8A10059061D /* JFUserAccount.h */,
				A505A64F1BE1D8A10059061D /* JFUserAccount.m */,
			);
			path = Model;
			sourceTree = "<group>";
		};
		A5AED9D61BDF9AB8007EEF81 /* Module */ = {
			isa = PBXGroup;
			children = (
				A5AED9E71BDF9AB8007EEF81 /* Main */,
				A5AED9E31BDF9AB8007EEF81 /* Home */,
				A5AED9EB1BDF9AB8007EEF81 /* Message */,
				A5AED9D71BDF9AB8007EEF81 /* Center */,
				A5AED9DF1BDF9AB8007EEF81 /* Discover */,
				A5AED9F71BDF9AB8007EEF81 /* Profile */,
				A5AED9DB1BDF9AB8007EEF81 /* Compose */,
				A5AED9EF1BDF9AB8007EEF81 /* NewFeature */,
				A5AED9F31BDF9AB8007EEF81 /* OAuth */,
			);
			path = Module;
			sourceTree = "<group>";
		};
		A5AED9D71BDF9AB8007EEF81 /* Center */ = {
			isa = PBXGroup;
			children = (
				A5AED9D81BDF9AB8007EEF81 /* Controller */,
				A5AED9D91BDF9AB8007EEF81 /* Model */,
				A5AED9DA1BDF9AB8007EEF81 /* View */,
			);
			path = Center;
			sourceTree = "<group>";
		};
		A5AED9D81BDF9AB8007EEF81 /* Controller */ = {
			isa = PBXGroup;
			children = (
				A505A6671BE1D9BA0059061D /* JFCenterViewController.h */,
				A505A6681BE1D9BA0059061D /* JFCenterViewController.m */,
			);
			path = Controller;
			sourceTree = "<group>";
		};
		A5AED9D91BDF9AB8007EEF81 /* Model */ = {
			isa = PBXGroup;
			children = (
			);
			path = Model;
			sourceTree = "<group>";
		};
		A5AED9DA1BDF9AB8007EEF81 /* View */ = {
			isa = PBXGroup;
			children = (
			);
			path = View;
			sourceTree = "<group>";
		};
		A5AED9DB1BDF9AB8007EEF81 /* Compose */ = {
			isa = PBXGroup;
			children = (
				A5AED9DC1BDF9AB8007EEF81 /* Controller */,
				A5AED9DD1BDF9AB8007EEF81 /* Model */,
				A5AED9DE1BDF9AB8007EEF81 /* View */,
			);
			path = Compose;
			sourceTree = "<group>";
		};
		A5AED9DC1BDF9AB8007EEF81 /* Controller */ = {
			isa = PBXGroup;
			children = (
				A505A66A1BE1D9CB0059061D /* JFComposeViewController.h */,
				A505A66B1BE1D9CB0059061D /* JFComposeViewController.m */,
			);
			path = Controller;
			sourceTree = "<group>";
		};
		A5AED9DD1BDF9AB8007EEF81 /* Model */ = {
			isa = PBXGroup;
			children = (
			);
			path = Model;
			sourceTree = "<group>";
		};
		A5AED9DE1BDF9AB8007EEF81 /* View */ = {
			isa = PBXGroup;
			children = (
			);
			path = View;
			sourceTree = "<group>";
		};
		A5AED9DF1BDF9AB8007EEF81 /* Discover */ = {
			isa = PBXGroup;
			children = (
				A5AED9E01BDF9AB8007EEF81 /* Controller */,
				A5AED9E11BDF9AB8007EEF81 /* Model */,
				A5AED9E21BDF9AB8007EEF81 /* View */,
			);
			path = Discover;
			sourceTree = "<group>";
		};
		A5AED9E01BDF9AB8007EEF81 /* Controller */ = {
			isa = PBXGroup;
			children = (
				A505A6611BE1D9A00059061D /* JFDiscoverTableViewController.h */,
				A505A6621BE1D9A00059061D /* JFDiscoverTableViewController.m */,
			);
			path = Controller;
			sourceTree = "<group>";
		};
		A5AED9E11BDF9AB8007EEF81 /* Model */ = {
			isa = PBXGroup;
			children = (
			);
			path = Model;
			sourceTree = "<group>";
		};
		A5AED9E21BDF9AB8007EEF81 /* View */ = {
			isa = PBXGroup;
			children = (
			);
			path = View;
			sourceTree = "<group>";
		};
		A5AED9E31BDF9AB8007EEF81 /* Home */ = {
			isa = PBXGroup;
			children = (
				A5AED9E41BDF9AB8007EEF81 /* Controller */,
				A5AED9E51BDF9AB8007EEF81 /* Model */,
				A5AED9E61BDF9AB8007EEF81 /* View */,
			);
			path = Home;
			sourceTree = "<group>";
		};
		A5AED9E41BDF9AB8007EEF81 /* Controller */ = {
			isa = PBXGroup;
			children = (
				A505A65B1BE1D97F0059061D /* JFHomeTableViewController.h */,
				A505A65C1BE1D97F0059061D /* JFHomeTableViewController.m */,
			);
			path = Controller;
			sourceTree = "<group>";
		};
		A5AED9E51BDF9AB8007EEF81 /* Model */ = {
			isa = PBXGroup;
			children = (
			);
			path = Model;
			sourceTree = "<group>";
		};
		A5AED9E61BDF9AB8007EEF81 /* View */ = {
			isa = PBXGroup;
			children = (
				A5BEE20D1BE23CA20029A3DC /* JFHomeVisitorView.h */,
				A5BEE20E1BE23CA20029A3DC /* JFHomeVisitorView.m */,
			);
			path = View;
			sourceTree = "<group>";
		};
		A5AED9E71BDF9AB8007EEF81 /* Main */ = {
			isa = PBXGroup;
			children = (
				A5AED9E81BDF9AB8007EEF81 /* Controller */,
				A5AED9E91BDF9AB8007EEF81 /* Model */,
				A5AED9EA1BDF9AB8007EEF81 /* View */,
			);
			path = Main;
			sourceTree = "<group>";
		};
		A5AED9E81BDF9AB8007EEF81 /* Controller */ = {
			isa = PBXGroup;
			children = (
				A505A6551BE1D9310059061D /* JFTabBarController.h */,
				A505A6561BE1D9310059061D /* JFTabBarController.m */,
				A505A6581BE1D9480059061D /* JFNavigationController.h */,
				A505A6591BE1D9480059061D /* JFNavigationController.m */,
			);
			path = Controller;
			sourceTree = "<group>";
		};
		A5AED9E91BDF9AB8007EEF81 /* Model */ = {
			isa = PBXGroup;
			children = (
			);
			path = Model;
			sourceTree = "<group>";
		};
		A5AED9EA1BDF9AB8007EEF81 /* View */ = {
			isa = PBXGroup;
			children = (
			);
			path = View;
			sourceTree = "<group>";
		};
		A5AED9EB1BDF9AB8007EEF81 /* Message */ = {
			isa = PBXGroup;
			children = (
				A5AED9EC1BDF9AB8007EEF81 /* Controller */,
				A5AED9ED1BDF9AB8007EEF81 /* Model */,
				A5AED9EE1BDF9AB8007EEF81 /* View */,
			);
			path = Message;
			sourceTree = "<group>";
		};
		A5AED9EC1BDF9AB8007EEF81 /* Controller */ = {
			isa = PBXGroup;
			children = (
				A505A65E1BE1D98F0059061D /* JFMessageTableViewController.h */,
				A505A65F1BE1D98F0059061D /* JFMessageTableViewController.m */,
			);
			path = Controller;
			sourceTree = "<group>";
		};
		A5AED9ED1BDF9AB8007EEF81 /* Model */ = {
			isa = PBXGroup;
			children = (
			);
			path = Model;
			sourceTree = "<group>";
		};
		A5AED9EE1BDF9AB8007EEF81 /* View */ = {
			isa = PBXGroup;
			children = (
			);
			path = View;
			sourceTree = "<group>";
		};
		A5AED9EF1BDF9AB8007EEF81 /* NewFeature */ = {
			isa = PBXGroup;
			children = (
				A5AED9F01BDF9AB8007EEF81 /* Controller */,
				A5AED9F11BDF9AB8007EEF81 /* Model */,
				A5AED9F21BDF9AB8007EEF81 /* View */,
			);
			path = NewFeature;
			sourceTree = "<group>";
		};
		A5AED9F01BDF9AB8007EEF81 /* Controller */ = {
			isa = PBXGroup;
			children = (
				A505A66D1BE1D9EA0059061D /* JFNewFeatureViewController.h */,
				A505A66E1BE1D9EA0059061D /* JFNewFeatureViewController.m */,
				A505A6701BE1D9FB0059061D /* JFWelcomeViewController.h */,
				A505A6711BE1D9FB0059061D /* JFWelcomeViewController.m */,
			);
			path = Controller;
			sourceTree = "<group>";
		};
		A5AED9F11BDF9AB8007EEF81 /* Model */ = {
			isa = PBXGroup;
			children = (
			);
			path = Model;
			sourceTree = "<group>";
		};
		A5AED9F21BDF9AB8007EEF81 /* View */ = {
			isa = PBXGroup;
			children = (
			);
			path = View;
			sourceTree = "<group>";
		};
		A5AED9F31BDF9AB8007EEF81 /* OAuth */ = {
			isa = PBXGroup;
			children = (
				A5AED9F41BDF9AB8007EEF81 /* Controller */,
				A5AED9F51BDF9AB8007EEF81 /* Model */,
				A5AED9F61BDF9AB8007EEF81 /* View */,
			);
			path = OAuth;
			sourceTree = "<group>";
		};
		A5AED9F41BDF9AB8007EEF81 /* Controller */ = {
			isa = PBXGroup;
			children = (
				A505A6731BE1DA090059061D /* JFOAuthViewController.h */,
				A505A6741BE1DA090059061D /* JFOAuthViewController.m */,
			);
			path = Controller;
			sourceTree = "<group>";
		};
		A5AED9F51BDF9AB8007EEF81 /* Model */ = {
			isa = PBXGroup;
			children = (
			);
			path = Model;
			sourceTree = "<group>";
		};
		A5AED9F61BDF9AB8007EEF81 /* View */ = {
			isa = PBXGroup;
			children = (
			);
			path = View;
			sourceTree = "<group>";
		};
		A5AED9F71BDF9AB8007EEF81 /* Profile */ = {
			isa = PBXGroup;
			children = (
				A5AED9F81BDF9AB8007EEF81 /* Controller */,
				A5AED9F91BDF9AB8007EEF81 /* Model */,
				A5AED9FA1BDF9AB8007EEF81 /* View */,
			);
			path = Profile;
			sourceTree = "<group>";
		};
		A5AED9F81BDF9AB8007EEF81 /* Controller */ = {
			isa = PBXGroup;
			children = (
				A505A6641BE1D9AC0059061D /* JFProfileTableViewController.h */,
				A505A6651BE1D9AC0059061D /* JFProfileTableViewController.m */,
			);
			path = Controller;
			sourceTree = "<group>";
		};
		A5AED9F91BDF9AB8007EEF81 /* Model */ = {
			isa = PBXGroup;
			children = (
			);
			path = Model;
			sourceTree = "<group>";
		};
		A5AED9FA1BDF9AB8007EEF81 /* View */ = {
			isa = PBXGroup;
			children = (
			);
			path = View;
			sourceTree = "<group>";
		};
		A5AED9FC1BDF9AB8007EEF81 /* Resource */ = {
			isa = PBXGroup;
			children = (
				A5ABFC341BDDAF2500DAF9F8 /* Assets.xcassets */,
			);
			path = Resource;
			sourceTree = "<group>";
		};
/* End PBXGroup section */

/* Begin PBXNativeTarget section */
		A5ABFC241BDDAF2500DAF9F8 /* microblog-oc */ = {
			isa = PBXNativeTarget;
			buildConfigurationList = A5ABFC3C1BDDAF2500DAF9F8 /* Build configuration list for PBXNativeTarget "microblog-oc" */;
			buildPhases = (
				B5A51D2E2AACF2C5D275F358 /* Check Pods Manifest.lock */,
				A5ABFC211BDDAF2500DAF9F8 /* Sources */,
				A5ABFC221BDDAF2500DAF9F8 /* Frameworks */,
				A5ABFC231BDDAF2500DAF9F8 /* Resources */,
				0A31E21065F99D58DCCC4916 /* Embed Pods Frameworks */,
				062AF26FA726BC80BE5961FA /* Copy Pods Resources */,
			);
			buildRules = (
			);
			dependencies = (
			);
			name = "microblog-oc";
			productName = "microblog-oc";
			productReference = A5ABFC251BDDAF2500DAF9F8 /* microblog-oc.app */;
			productType = "com.apple.product-type.application";
		};
/* End PBXNativeTarget section */

/* Begin PBXProject section */
		A5ABFC1D1BDDAF2500DAF9F8 /* Project object */ = {
			isa = PBXProject;
			attributes = {
				LastUpgradeCheck = 0710;
				ORGANIZATIONNAME = "六阿哥";
				TargetAttributes = {
					A5ABFC241BDDAF2500DAF9F8 = {
						CreatedOnToolsVersion = 7.1;
						DevelopmentTeam = GABKPEQD3S;
					};
				};
			};
			buildConfigurationList = A5ABFC201BDDAF2500DAF9F8 /* Build configuration list for PBXProject "microblog-oc" */;
			compatibilityVersion = "Xcode 3.2";
			developmentRegion = English;
			hasScannedForEncodings = 0;
			knownRegions = (
				en,
				Base,
			);
			mainGroup = A5ABFC1C1BDDAF2500DAF9F8;
			productRefGroup = A5ABFC261BDDAF2500DAF9F8 /* Products */;
			projectDirPath = "";
			projectRoot = "";
			targets = (
				A5ABFC241BDDAF2500DAF9F8 /* microblog-oc */,
			);
		};
/* End PBXProject section */

/* Begin PBXResourcesBuildPhase section */
		A5ABFC231BDDAF2500DAF9F8 /* Resources */ = {
			isa = PBXResourcesBuildPhase;
			buildActionMask = 2147483647;
			files = (
				A5ABFC351BDDAF2500DAF9F8 /* Assets.xcassets in Resources */,
			);
			runOnlyForDeploymentPostprocessing = 0;
		};
/* End PBXResourcesBuildPhase section */

/* Begin PBXShellScriptBuildPhase section */
		062AF26FA726BC80BE5961FA /* Copy Pods Resources */ = {
			isa = PBXShellScriptBuildPhase;
			buildActionMask = 2147483647;
			files = (
			);
			inputPaths = (
			);
			name = "Copy Pods Resources";
			outputPaths = (
			);
			runOnlyForDeploymentPostprocessing = 0;
			shellPath = /bin/sh;
			shellScript = "\"${SRCROOT}/Pods/Target Support Files/Pods-microblog-oc/Pods-microblog-oc-resources.sh\"\n";
			showEnvVarsInLog = 0;
		};
		0A31E21065F99D58DCCC4916 /* Embed Pods Frameworks */ = {
			isa = PBXShellScriptBuildPhase;
			buildActionMask = 2147483647;
			files = (
			);
			inputPaths = (
			);
			name = "Embed Pods Frameworks";
			outputPaths = (
			);
			runOnlyForDeploymentPostprocessing = 0;
			shellPath = /bin/sh;
			shellScript = "\"${SRCROOT}/Pods/Target Support Files/Pods-microblog-oc/Pods-microblog-oc-frameworks.sh\"\n";
			showEnvVarsInLog = 0;
		};
		B5A51D2E2AACF2C5D275F358 /* Check Pods Manifest.lock */ = {
			isa = PBXShellScriptBuildPhase;
			buildActionMask = 2147483647;
			files = (
			);
			inputPaths = (
			);
			name = "Check Pods Manifest.lock";
			outputPaths = (
			);
			runOnlyForDeploymentPostprocessing = 0;
			shellPath = /bin/sh;
			shellScript = "diff \"${PODS_ROOT}/../Podfile.lock\" \"${PODS_ROOT}/Manifest.lock\" > /dev/null\nif [[ $? != 0 ]] ; then\n    cat << EOM\nerror: The sandbox is not in sync with the Podfile.lock. Run 'pod install' or update your CocoaPods installation.\nEOM\n    exit 1\nfi\n";
			showEnvVarsInLog = 0;
		};
/* End PBXShellScriptBuildPhase section */

/* Begin PBXSourcesBuildPhase section */
		A5ABFC211BDDAF2500DAF9F8 /* Sources */ = {
			isa = PBXSourcesBuildPhase;
			buildActionMask = 2147483647;
			files = (
				A505A6571BE1D9310059061D /* JFTabBarController.m in Sources */,
				A505A66C1BE1D9CB0059061D /* JFComposeViewController.m in Sources */,
				A5BEE20F1BE23CA20029A3DC /* JFHomeVisitorView.m in Sources */,
				A5ABFC2D1BDDAF2500DAF9F8 /* AppDelegate.m in Sources */,
				A505A6541BE1D90A0059061D /* JFHTTPTools.m in Sources */,
				A505A6691BE1D9BA0059061D /* JFCenterViewController.m in Sources */,
				A505A66F1BE1D9EA0059061D /* JFNewFeatureViewController.m in Sources */,
				A5A025F31BE277480030A430 /* UIApplication+Extension.m in Sources */,
				A505A65A1BE1D9480059061D /* JFNavigationController.m in Sources */,
				A505A65D1BE1D97F0059061D /* JFHomeTableViewController.m in Sources */,
				A505A6631BE1D9A00059061D /* JFDiscoverTableViewController.m in Sources */,
				A505A6601BE1D98F0059061D /* JFMessageTableViewController.m in Sources */,
				A505A6501BE1D8A10059061D /* JFUserAccount.m in Sources */,
				A5ABFC2A1BDDAF2500DAF9F8 /* main.m in Sources */,
				A505A6661BE1D9AC0059061D /* JFProfileTableViewController.m in Sources */,
				A505A6751BE1DA090059061D /* JFOAuthViewController.m in Sources */,
				A505A6721BE1D9FB0059061D /* JFWelcomeViewController.m in Sources */,
			);
			runOnlyForDeploymentPostprocessing = 0;
		};
/* End PBXSourcesBuildPhase section */

/* Begin XCBuildConfiguration section */
		A5ABFC3A1BDDAF2500DAF9F8 /* Debug */ = {
			isa = XCBuildConfiguration;
			buildSettings = {
				ALWAYS_SEARCH_USER_PATHS = NO;
				CLANG_CXX_LANGUAGE_STANDARD = "gnu++0x";
				CLANG_CXX_LIBRARY = "libc++";
				CLANG_ENABLE_MODULES = YES;
				CLANG_ENABLE_OBJC_ARC = YES;
				CLANG_WARN_BOOL_CONVERSION = YES;
				CLANG_WARN_CONSTANT_CONVERSION = YES;
				CLANG_WARN_DIRECT_OBJC_ISA_USAGE = YES_ERROR;
				CLANG_WARN_EMPTY_BODY = YES;
				CLANG_WARN_ENUM_CONVERSION = YES;
				CLANG_WARN_INT_CONVERSION = YES;
				CLANG_WARN_OBJC_ROOT_CLASS = YES_ERROR;
				CLANG_WARN_UNREACHABLE_CODE = YES;
				CLANG_WARN__DUPLICATE_METHOD_MATCH = YES;
				"CODE_SIGN_IDENTITY[sdk=iphoneos*]" = "iPhone Developer";
				COPY_PHASE_STRIP = NO;
				DEBUG_INFORMATION_FORMAT = dwarf;
				ENABLE_STRICT_OBJC_MSGSEND = YES;
				ENABLE_TESTABILITY = YES;
				GCC_C_LANGUAGE_STANDARD = gnu99;
				GCC_DYNAMIC_NO_PIC = NO;
				GCC_NO_COMMON_BLOCKS = YES;
				GCC_OPTIMIZATION_LEVEL = 0;
				GCC_PREPROCESSOR_DEFINITIONS = (
					"DEBUG=1",
					"$(inherited)",
				);
				GCC_WARN_64_TO_32_BIT_CONVERSION = YES;
				GCC_WARN_ABOUT_RETURN_TYPE = YES_ERROR;
				GCC_WARN_UNDECLARED_SELECTOR = YES;
				GCC_WARN_UNINITIALIZED_AUTOS = YES_AGGRESSIVE;
				GCC_WARN_UNUSED_FUNCTION = YES;
				GCC_WARN_UNUSED_VARIABLE = YES;
				IPHONEOS_DEPLOYMENT_TARGET = 9.1;
				MTL_ENABLE_DEBUG_INFO = YES;
				ONLY_ACTIVE_ARCH = YES;
				SDKROOT = iphoneos;
			};
			name = Debug;
		};
		A5ABFC3B1BDDAF2500DAF9F8 /* Release */ = {
			isa = XCBuildConfiguration;
			buildSettings = {
				ALWAYS_SEARCH_USER_PATHS = NO;
				CLANG_CXX_LANGUAGE_STANDARD = "gnu++0x";
				CLANG_CXX_LIBRARY = "libc++";
				CLANG_ENABLE_MODULES = YES;
				CLANG_ENABLE_OBJC_ARC = YES;
				CLANG_WARN_BOOL_CONVERSION = YES;
				CLANG_WARN_CONSTANT_CONVERSION = YES;
				CLANG_WARN_DIRECT_OBJC_ISA_USAGE = YES_ERROR;
				CLANG_WARN_EMPTY_BODY = YES;
				CLANG_WARN_ENUM_CONVERSION = YES;
				CLANG_WARN_INT_CONVERSION = YES;
				CLANG_WARN_OBJC_ROOT_CLASS = YES_ERROR;
				CLANG_WARN_UNREACHABLE_CODE = YES;
				CLANG_WARN__DUPLICATE_METHOD_MATCH = YES;
				"CODE_SIGN_IDENTITY[sdk=iphoneos*]" = "iPhone Developer";
				COPY_PHASE_STRIP = NO;
				DEBUG_INFORMATION_FORMAT = "dwarf-with-dsym";
				ENABLE_NS_ASSERTIONS = NO;
				ENABLE_STRICT_OBJC_MSGSEND = YES;
				GCC_C_LANGUAGE_STANDARD = gnu99;
				GCC_NO_COMMON_BLOCKS = YES;
				GCC_WARN_64_TO_32_BIT_CONVERSION = YES;
				GCC_WARN_ABOUT_RETURN_TYPE = YES_ERROR;
				GCC_WARN_UNDECLARED_SELECTOR = YES;
				GCC_WARN_UNINITIALIZED_AUTOS = YES_AGGRESSIVE;
				GCC_WARN_UNUSED_FUNCTION = YES;
				GCC_WARN_UNUSED_VARIABLE = YES;
				IPHONEOS_DEPLOYMENT_TARGET = 9.1;
				MTL_ENABLE_DEBUG_INFO = NO;
				SDKROOT = iphoneos;
				VALIDATE_PRODUCT = YES;
			};
			name = Release;
		};
		A5ABFC3D1BDDAF2500DAF9F8 /* Debug */ = {
			isa = XCBuildConfiguration;
			baseConfigurationReference = 5D50224C087D20AB20AE0FD7 /* Pods-microblog-oc.debug.xcconfig */;
			buildSettings = {
				ASSETCATALOG_COMPILER_APPICON_NAME = AppIcon;
				ASSETCATALOG_COMPILER_LAUNCHIMAGE_NAME = "Brand Assets";
				GCC_PREFIX_HEADER = "$(SRCROOT)/microblog-oc/microblog.pch";
				INFOPLIST_FILE = "microblog-oc/Info.plist";
				IPHONEOS_DEPLOYMENT_TARGET = 8.0;
				LD_RUNPATH_SEARCH_PATHS = "$(inherited) @executable_path/Frameworks";
				PRODUCT_BUNDLE_IDENTIFIER = "cn.6ag.microblog-oc";
				PRODUCT_NAME = "$(TARGET_NAME)";
			};
			name = Debug;
		};
		A5ABFC3E1BDDAF2500DAF9F8 /* Release */ = {
			isa = XCBuildConfiguration;
			baseConfigurationReference = 0CBD08917369B597F3365765 /* Pods-microblog-oc.release.xcconfig */;
			buildSettings = {
				ASSETCATALOG_COMPILER_APPICON_NAME = AppIcon;
				ASSETCATALOG_COMPILER_LAUNCHIMAGE_NAME = "Brand Assets";
				GCC_PREFIX_HEADER = "$(SRCROOT)/microblog-oc/microblog.pch";
				INFOPLIST_FILE = "microblog-oc/Info.plist";
				IPHONEOS_DEPLOYMENT_TARGET = 8.0;
				LD_RUNPATH_SEARCH_PATHS = "$(inherited) @executable_path/Frameworks";
				PRODUCT_BUNDLE_IDENTIFIER = "cn.6ag.microblog-oc";
				PRODUCT_NAME = "$(TARGET_NAME)";
			};
			name = Release;
		};
/* End XCBuildConfiguration section */

/* Begin XCConfigurationList section */
		A5ABFC201BDDAF2500DAF9F8 /* Build configuration list for PBXProject "microblog-oc" */ = {
			isa = XCConfigurationList;
			buildConfigurations = (
				A5ABFC3A1BDDAF2500DAF9F8 /* Debug */,
				A5ABFC3B1BDDAF2500DAF9F8 /* Release */,
			);
			defaultConfigurationIsVisible = 0;
			defaultConfigurationName = Release;
		};
		A5ABFC3C1BDDAF2500DAF9F8 /* Build configuration list for PBXNativeTarget "microblog-oc" */ = {
			isa = XCConfigurationList;
			buildConfigurations = (
				A5ABFC3D1BDDAF2500DAF9F8 /* Debug */,
				A5ABFC3E1BDDAF2500DAF9F8 /* Release */,
			);
			defaultConfigurationIsVisible = 0;
			defaultConfigurationName = Release;
		};
/* End XCConfigurationList section */
	};
	rootObject = A5ABFC1D1BDDAF2500DAF9F8 /* Project object */;
}
